// !$*UTF8*$!
{
	archiveVersion = 1;
	classes = {
	};
	objectVersion = 46;
	objects = {

/* Begin PBXBuildFile section */
		C90350111DCD6762008CDFF1 /* AppDelegate.swift in Sources */ = {isa = PBXBuildFile; fileRef = C90350101DCD6762008CDFF1 /* AppDelegate.swift */; };
		C90350161DCD6762008CDFF1 /* Main.storyboard in Resources */ = {isa = PBXBuildFile; fileRef = C90350141DCD6762008CDFF1 /* Main.storyboard */; };
		C90350181DCD6762008CDFF1 /* Assets.xcassets in Resources */ = {isa = PBXBuildFile; fileRef = C90350171DCD6762008CDFF1 /* Assets.xcassets */; };
		C903501B1DCD6762008CDFF1 /* LaunchScreen.storyboard in Resources */ = {isa = PBXBuildFile; fileRef = C90350191DCD6762008CDFF1 /* LaunchScreen.storyboard */; };
		C90350261DCD6762008CDFF1 /* iQuizTests.swift in Sources */ = {isa = PBXBuildFile; fileRef = C90350251DCD6762008CDFF1 /* iQuizTests.swift */; };
		C90350311DCD6762008CDFF1 /* iQuizUITests.swift in Sources */ = {isa = PBXBuildFile; fileRef = C90350301DCD6762008CDFF1 /* iQuizUITests.swift */; };
		C9276AE31DCD8328005E00E7 /* QuizzesTableViewController.swift in Sources */ = {isa = PBXBuildFile; fileRef = C9276AE21DCD8328005E00E7 /* QuizzesTableViewController.swift */; };
		C9A209121DCDA40D00E97CF8 /* QuizTableViewCell.swift in Sources */ = {isa = PBXBuildFile; fileRef = C9A209111DCDA40D00E97CF8 /* QuizTableViewCell.swift */; };
/* End PBXBuildFile section */

/* Begin PBXContainerItemProxy section */
		C90350221DCD6762008CDFF1 /* PBXContainerItemProxy */ = {
			isa = PBXContainerItemProxy;
			containerPortal = C90350051DCD6762008CDFF1 /* Project object */;
			proxyType = 1;
			remoteGlobalIDString = C903500C1DCD6762008CDFF1;
			remoteInfo = iQuiz;
		};
		C903502D1DCD6762008CDFF1 /* PBXContainerItemProxy */ = {
			isa = PBXContainerItemProxy;
			containerPortal = C90350051DCD6762008CDFF1 /* Project object */;
			proxyType = 1;
			remoteGlobalIDString = C903500C1DCD6762008CDFF1;
			remoteInfo = iQuiz;
		};
/* End PBXContainerItemProxy section */

/* Begin PBXFileReference section */
		C903500D1DCD6762008CDFF1 /* iQuiz.app */ = {isa = PBXFileReference; explicitFileType = wrapper.application; includeInIndex = 0; path = iQuiz.app; sourceTree = BUILT_PRODUCTS_DIR; };
		C90350101DCD6762008CDFF1 /* AppDelegate.swift */ = {isa = PBXFileReference; lastKnownFileType = sourcecode.swift; path = AppDelegate.swift; sourceTree = "<group>"; };
		C90350151DCD6762008CDFF1 /* Base */ = {isa = PBXFileReference; lastKnownFileType = file.storyboard; name = Base; path = Base.lproj/Main.storyboard; sourceTree = "<group>"; };
		C90350171DCD6762008CDFF1 /* Assets.xcassets */ = {isa = PBXFileReference; lastKnownFileType = folder.assetcatalog; path = Assets.xcassets; sourceTree = "<group>"; };
		C903501A1DCD6762008CDFF1 /* Base */ = {isa = PBXFileReference; lastKnownFileType = file.storyboard; name = Base; path = Base.lproj/LaunchScreen.storyboard; sourceTree = "<group>"; };
		C903501C1DCD6762008CDFF1 /* Info.plist */ = {isa = PBXFileReference; lastKnownFileType = text.plist.xml; path = Info.plist; sourceTree = "<group>"; };
		C90350211DCD6762008CDFF1 /* iQuizTests.xctest */ = {isa = PBXFileReference; explicitFileType = wrapper.cfbundle; includeInIndex = 0; path = iQuizTests.xctest; sourceTree = BUILT_PRODUCTS_DIR; };
		C90350251DCD6762008CDFF1 /* iQuizTests.swift */ = {isa = PBXFileReference; lastKnownFileType = sourcecode.swift; path = iQuizTests.swift; sourceTree = "<group>"; };
		C90350271DCD6762008CDFF1 /* Info.plist */ = {isa = PBXFileReference; lastKnownFileType = text.plist.xml; path = Info.plist; sourceTree = "<group>"; };
		C903502C1DCD6762008CDFF1 /* iQuizUITests.xctest */ = {isa = PBXFileReference; explicitFileType = wrapper.cfbundle; includeInIndex = 0; path = iQuizUITests.xctest; sourceTree = BUILT_PRODUCTS_DIR; };
		C90350301DCD6762008CDFF1 /* iQuizUITests.swift */ = {isa = PBXFileReference; lastKnownFileType = sourcecode.swift; path = iQuizUITests.swift; sourceTree = "<group>"; };
		C90350321DCD6762008CDFF1 /* Info.plist */ = {isa = PBXFileReference; lastKnownFileType = text.plist.xml; path = Info.plist; sourceTree = "<group>"; };
		C9276AE21DCD8328005E00E7 /* QuizzesTableViewController.swift */ = {isa = PBXFileReference; fileEncoding = 4; lastKnownFileType = sourcecode.swift; path = QuizzesTableViewController.swift; sourceTree = "<group>"; };
		C9A209111DCDA40D00E97CF8 /* QuizTableViewCell.swift */ = {isa = PBXFileReference; fileEncoding = 4; lastKnownFileType = sourcecode.swift; path = QuizTableViewCell.swift; sourceTree = "<group>"; };
/* End PBXFileReference section */

/* Begin PBXFrameworksBuildPhase section */
		C903500A1DCD6762008CDFF1 /* Frameworks */ = {
			isa = PBXFrameworksBuildPhase;
			buildActionMask = 2147483647;
			files = (
			);
			runOnlyForDeploymentPostprocessing = 0;
		};
		C903501E1DCD6762008CDFF1 /* Frameworks */ = {
			isa = PBXFrameworksBuildPhase;
			buildActionMask = 2147483647;
			files = (
			);
			runOnlyForDeploymentPostprocessing = 0;
		};
		C90350291DCD6762008CDFF1 /* Frameworks */ = {
			isa = PBXFrameworksBuildPhase;
			buildActionMask = 2147483647;
			files = (
			);
			runOnlyForDeploymentPostprocessing = 0;
		};
/* End PBXFrameworksBuildPhase section */

/* Begin PBXGroup section */
		C90350041DCD6762008CDFF1 = {
			isa = PBXGroup;
			children = (
				C903500F1DCD6762008CDFF1 /* iQuiz */,
				C90350241DCD6762008CDFF1 /* iQuizTests */,
				C903502F1DCD6762008CDFF1 /* iQuizUITests */,
				C903500E1DCD6762008CDFF1 /* Products */,
			);
			sourceTree = "<group>";
		};
		C903500E1DCD6762008CDFF1 /* Products */ = {
			isa = PBXGroup;
			children = (
				C903500D1DCD6762008CDFF1 /* iQuiz.app */,
				C90350211DCD6762008CDFF1 /* iQuizTests.xctest */,
				C903502C1DCD6762008CDFF1 /* iQuizUITests.xctest */,
			);
			name = Products;
			sourceTree = "<group>";
		};
		C903500F1DCD6762008CDFF1 /* iQuiz */ = {
			isa = PBXGroup;
			children = (
				C90350101DCD6762008CDFF1 /* AppDelegate.swift */,
				C9276AE21DCD8328005E00E7 /* QuizzesTableViewController.swift */,
				C9A209111DCDA40D00E97CF8 /* QuizTableViewCell.swift */,
				C90350141DCD6762008CDFF1 /* Main.storyboard */,
				C90350171DCD6762008CDFF1 /* Assets.xcassets */,
				C90350191DCD6762008CDFF1 /* LaunchScreen.storyboard */,
				C903501C1DCD6762008CDFF1 /* Info.plist */,
			);
			path = iQuiz;
			sourceTree = "<group>";
		};
		C90350241DCD6762008CDFF1 /* iQuizTests */ = {
			isa = PBXGroup;
			children = (
				C90350251DCD6762008CDFF1 /* iQuizTests.swift */,
				C90350271DCD6762008CDFF1 /* Info.plist */,
			);
			path = iQuizTests;
			sourceTree = "<group>";
		};
		C903502F1DCD6762008CDFF1 /* iQuizUITests */ = {
			isa = PBXGroup;
			children = (
				C90350301DCD6762008CDFF1 /* iQuizUITests.swift */,
				C90350321DCD6762008CDFF1 /* Info.plist */,
			);
			path = iQuizUITests;
			sourceTree = "<group>";
		};
/* End PBXGroup section */

/* Begin PBXNativeTarget section */
		C903500C1DCD6762008CDFF1 /* iQuiz */ = {
			isa = PBXNativeTarget;
			buildConfigurationList = C90350351DCD6762008CDFF1 /* Build configuration list for PBXNativeTarget "iQuiz" */;
			buildPhases = (
				C90350091DCD6762008CDFF1 /* Sources */,
				C903500A1DCD6762008CDFF1 /* Frameworks */,
				C903500B1DCD6762008CDFF1 /* Resources */,
			);
			buildRules = (
			);
			dependencies = (
			);
			name = iQuiz;
			productName = iQuiz;
			productReference = C903500D1DCD6762008CDFF1 /* iQuiz.app */;
			productType = "com.apple.product-type.application";
		};
		C90350201DCD6762008CDFF1 /* iQuizTests */ = {
			isa = PBXNativeTarget;
			buildConfigurationList = C90350381DCD6762008CDFF1 /* Build configuration list for PBXNativeTarget "iQuizTests" */;
			buildPhases = (
				C903501D1DCD6762008CDFF1 /* Sources */,
				C903501E1DCD6762008CDFF1 /* Frameworks */,
				C903501F1DCD6762008CDFF1 /* Resources */,
			);
			buildRules = (
			);
			dependencies = (
				C90350231DCD6762008CDFF1 /* PBXTargetDependency */,
			);
			name = iQuizTests;
			productName = iQuizTests;
			productReference = C90350211DCD6762008CDFF1 /* iQuizTests.xctest */;
			productType = "com.apple.product-type.bundle.unit-test";
		};
		C903502B1DCD6762008CDFF1 /* iQuizUITests */ = {
			isa = PBXNativeTarget;
			buildConfigurationList = C903503B1DCD6762008CDFF1 /* Build configuration list for PBXNativeTarget "iQuizUITests" */;
			buildPhases = (
				C90350281DCD6762008CDFF1 /* Sources */,
				C90350291DCD6762008CDFF1 /* Frameworks */,
				C903502A1DCD6762008CDFF1 /* Resources */,
			);
			buildRules = (
			);
			dependencies = (
				C903502E1DCD6762008CDFF1 /* PBXTargetDependency */,
			);
			name = iQuizUITests;
			productName = iQuizUITests;
			productReference = C903502C1DCD6762008CDFF1 /* iQuizUITests.xctest */;
			productType = "com.apple.product-type.bundle.ui-testing";
		};
/* End PBXNativeTarget section */

/* Begin PBXProject section */
		C90350051DCD6762008CDFF1 /* Project object */ = {
			isa = PBXProject;
			attributes = {
				LastSwiftUpdateCheck = 0810;
				LastUpgradeCheck = 0810;
				ORGANIZATIONNAME = "Matt Bond";
				TargetAttributes = {
					C903500C1DCD6762008CDFF1 = {
						CreatedOnToolsVersion = 8.1;
						DevelopmentTeam = ETMQ5VFD4P;
						ProvisioningStyle = Automatic;
					};
					C90350201DCD6762008CDFF1 = {
						CreatedOnToolsVersion = 8.1;
						DevelopmentTeam = ETMQ5VFD4P;
						ProvisioningStyle = Automatic;
						TestTargetID = C903500C1DCD6762008CDFF1;
					};
					C903502B1DCD6762008CDFF1 = {
						CreatedOnToolsVersion = 8.1;
						DevelopmentTeam = ETMQ5VFD4P;
						ProvisioningStyle = Automatic;
						TestTargetID = C903500C1DCD6762008CDFF1;
					};
				};
			};
			buildConfigurationList = C90350081DCD6762008CDFF1 /* Build configuration list for PBXProject "iQuiz" */;
			compatibilityVersion = "Xcode 3.2";
			developmentRegion = English;
			hasScannedForEncodings = 0;
			knownRegions = (
				en,
				Base,
			);
			mainGroup = C90350041DCD6762008CDFF1;
			productRefGroup = C903500E1DCD6762008CDFF1 /* Products */;
			projectDirPath = "";
			projectRoot = "";
			targets = (
				C903500C1DCD6762008CDFF1 /* iQuiz */,
				C90350201DCD6762008CDFF1 /* iQuizTests */,
				C903502B1DCD6762008CDFF1 /* iQuizUITests */,
			);
		};
/* End PBXProject section */

/* Begin PBXResourcesBuildPhase section */
		C903500B1DCD6762008CDFF1 /* Resources */ = {
			isa = PBXResourcesBuildPhase;
			buildActionMask = 2147483647;
			files = (
				C903501B1DCD6762008CDFF1 /* LaunchScreen.storyboard in Resources */,
				C90350181DCD6762008CDFF1 /* Assets.xcassets in Resources */,
				C90350161DCD6762008CDFF1 /* Main.storyboard in Resources */,
			);
			runOnlyForDeploymentPostprocessing = 0;
		};
		C903501F1DCD6762008CDFF1 /* Resources */ = {
			isa = PBXResourcesBuildPhase;
			buildActionMask = 2147483647;
			files = (
			);
			runOnlyForDeploymentPostprocessing = 0;
		};
		C903502A1DCD6762008CDFF1 /* Resources */ = {
			isa = PBXResourcesBuildPhase;
			buildActionMask = 2147483647;
			files = (
			);
			runOnlyForDeploymentPostprocessing = 0;
		};
/* End PBXResourcesBuildPhase section */

/* Begin PBXSourcesBuildPhase section */
		C90350091DCD6762008CDFF1 /* Sources */ = {
			isa = PBXSourcesBuildPhase;
			buildActionMask = 2147483647;
			files = (
				C9276AE31DCD8328005E00E7 /* QuizzesTableViewController.swift in Sources */,
				C90350111DCD6762008CDFF1 /* AppDelegate.swift in Sources */,
				C9A209121DCDA40D00E97CF8 /* QuizTableViewCell.swift in Sources */,
			);
			runOnlyForDeploymentPostprocessing = 0;
		};
		C903501D1DCD6762008CDFF1 /* Sources */ = {
			isa = PBXSourcesBuildPhase;
			buildActionMask = 2147483647;
			files = (
				C90350261DCD6762008CDFF1 /* iQuizTests.swift in Sources */,
			);
			runOnlyForDeploymentPostprocessing = 0;
		};
		C90350281DCD6762008CDFF1 /* Sources */ = {
			isa = PBXSourcesBuildPhase;
			buildActionMask = 2147483647;
			files = (
				C90350311DCD6762008CDFF1 /* iQuizUITests.swift in Sources */,
			);
			runOnlyForDeploymentPostprocessing = 0;
		};
/* End PBXSourcesBuildPhase section */

/* Begin PBXTargetDependency section */
		C90350231DCD6762008CDFF1 /* PBXTargetDependency */ = {
			isa = PBXTargetDependency;
			target = C903500C1DCD6762008CDFF1 /* iQuiz */;
			targetProxy = C90350221DCD6762008CDFF1 /* PBXContainerItemProxy */;
		};
		C903502E1DCD6762008CDFF1 /* PBXTargetDependency */ = {
			isa = PBXTargetDependency;
			target = C903500C1DCD6762008CDFF1 /* iQuiz */;
			targetProxy = C903502D1DCD6762008CDFF1 /* PBXContainerItemProxy */;
		};
/* End PBXTargetDependency section */

/* Begin PBXVariantGroup section */
		C90350141DCD6762008CDFF1 /* Main.storyboard */ = {
			isa = PBXVariantGroup;
			children = (
				C90350151DCD6762008CDFF1 /* Base */,
			);
			name = Main.storyboard;
			sourceTree = "<group>";
		};
		C90350191DCD6762008CDFF1 /* LaunchScreen.storyboard */ = {
			isa = PBXVariantGroup;
			children = (
				C903501A1DCD6762008CDFF1 /* Base */,
			);
			name = LaunchScreen.storyboard;
			sourceTree = "<group>";
		};
/* End PBXVariantGroup section */

/* Begin XCBuildConfiguration section */
		C90350331DCD6762008CDFF1 /* Debug */ = {
			isa = XCBuildConfiguration;
			buildSettings = {
				ALWAYS_SEARCH_USER_PATHS = NO;
				CLANG_ANALYZER_NONNULL = YES;
				CLANG_CXX_LANGUAGE_STANDARD = "gnu++0x";
				CLANG_CXX_LIBRARY = "libc++";
				CLANG_ENABLE_MODULES = YES;
				CLANG_ENABLE_OBJC_ARC = YES;
				CLANG_WARN_BOOL_CONVERSION = YES;
				CLANG_WARN_CONSTANT_CONVERSION = YES;
				CLANG_WARN_DIRECT_OBJC_ISA_USAGE = YES_ERROR;
				CLANG_WARN_DOCUMENTATION_COMMENTS = YES;
				CLANG_WARN_EMPTY_BODY = YES;
				CLANG_WARN_ENUM_CONVERSION = YES;
				CLANG_WARN_INFINITE_RECURSION = YES;
				CLANG_WARN_INT_CONVERSION = YES;
				CLANG_WARN_OBJC_ROOT_CLASS = YES_ERROR;
				CLANG_WARN_SUSPICIOUS_MOVES = YES;
				CLANG_WARN_UNREACHABLE_CODE = YES;
				CLANG_WARN__DUPLICATE_METHOD_MATCH = YES;
				"CODE_SIGN_IDENTITY[sdk=iphoneos*]" = "iPhone Developer";
				COPY_PHASE_STRIP = NO;
				DEBUG_INFORMATION_FORMAT = dwarf;
				ENABLE_STRICT_OBJC_MSGSEND = YES;
				ENABLE_TESTABILITY = YES;
				GCC_C_LANGUAGE_STANDARD = gnu99;
				GCC_DYNAMIC_NO_PIC = NO;
				GCC_NO_COMMON_BLOCKS = YES;
				GCC_OPTIMIZATION_LEVEL = 0;
				GCC_PREPROCESSOR_DEFINITIONS = (
					"DEBUG=1",
					"$(inherited)",
				);
				GCC_WARN_64_TO_32_BIT_CONVERSION = YES;
				GCC_WARN_ABOUT_RETURN_TYPE = YES_ERROR;
				GCC_WARN_UNDECLARED_SELECTOR = YES;
				GCC_WARN_UNINITIALIZED_AUTOS = YES_AGGRESSIVE;
				GCC_WARN_UNUSED_FUNCTION = YES;
				GCC_WARN_UNUSED_VARIABLE = YES;
				IPHONEOS_DEPLOYMENT_TARGET = 10.1;
				MTL_ENABLE_DEBUG_INFO = YES;
				ONLY_ACTIVE_ARCH = YES;
				SDKROOT = iphoneos;
				SWIFT_ACTIVE_COMPILATION_CONDITIONS = DEBUG;
				SWIFT_OPTIMIZATION_LEVEL = "-Onone";
				TARGETED_DEVICE_FAMILY = "1,2";
			};
			name = Debug;
		};
		C90350341DCD6762008CDFF1 /* Release */ = {
			isa = XCBuildConfiguration;
			buildSettings = {
				ALWAYS_SEARCH_USER_PATHS = NO;
				CLANG_ANALYZER_NONNULL = YES;
				CLANG_CXX_LANGUAGE_STANDARD = "gnu++0x";
				CLANG_CXX_LIBRARY = "libc++";
				CLANG_ENABLE_MODULES = YES;
				CLANG_ENABLE_OBJC_ARC = YES;
				CLANG_WARN_BOOL_CONVERSION = YES;
				CLANG_WARN_CONSTANT_CONVERSION = YES;
				CLANG_WARN_DIRECT_OBJC_ISA_USAGE = YES_ERROR;
				CLANG_WARN_DOCUMENTATION_COMMENTS = YES;
				CLANG_WARN_EMPTY_BODY = YES;
				CLANG_WARN_ENUM_CONVERSION = YES;
				CLANG_WARN_INFINITE_RECURSION = YES;
				CLANG_WARN_INT_CONVERSION = YES;
				CLANG_WARN_OBJC_ROOT_CLASS = YES_ERROR;
				CLANG_WARN_SUSPICIOUS_MOVES = YES;
				CLANG_WARN_UNREACHABLE_CODE = YES;
				CLANG_WARN__DUPLICATE_METHOD_MATCH = YES;
				"CODE_SIGN_IDENTITY[sdk=iphoneos*]" = "iPhone Developer";
				COPY_PHASE_STRIP = NO;
				DEBUG_INFORMATION_FORMAT = "dwarf-with-dsym";
				ENABLE_NS_ASSERTIONS = NO;
				ENABLE_STRICT_OBJC_MSGSEND = YES;
				GCC_C_LANGUAGE_STANDARD = gnu99;
				GCC_NO_COMMON_BLOCKS = YES;
				GCC_WARN_64_TO_32_BIT_CONVERSION = YES;
				GCC_WARN_ABOUT_RETURN_TYPE = YES_ERROR;
				GCC_WARN_UNDECLARED_SELECTOR = YES;
				GCC_WARN_UNINITIALIZED_AUTOS = YES_AGGRESSIVE;
				GCC_WARN_UNUSED_FUNCTION = YES;
				GCC_WARN_UNUSED_VARIABLE = YES;
				IPHONEOS_DEPLOYMENT_TARGET = 10.1;
				MTL_ENABLE_DEBUG_INFO = NO;
				SDKROOT = iphoneos;
				SWIFT_OPTIMIZATION_LEVEL = "-Owholemodule";
				TARGETED_DEVICE_FAMILY = "1,2";
				VALIDATE_PRODUCT = YES;
			};
			name = Release;
		};
		C90350361DCD6762008CDFF1 /* Debug */ = {
			isa = XCBuildConfiguration;
			buildSettings = {
				ASSETCATALOG_COMPILER_APPICON_NAME = AppIcon;
				DEVELOPMENT_TEAM = ETMQ5VFD4P;
				INFOPLIST_FILE = iQuiz/Info.plist;
				LD_RUNPATH_SEARCH_PATHS = "$(inherited) @executable_path/Frameworks";
				PRODUCT_BUNDLE_IDENTIFIER = com.MatthewBond.iQuiz;
				PRODUCT_NAME = "$(TARGET_NAME)";
				SWIFT_VERSION = 3.0;
			};
			name = Debug;
		};
		C90350371DCD6762008CDFF1 /* Release */ = {
			isa = XCBuildConfiguration;
			buildSettings = {
				ASSETCATALOG_COMPILER_APPICON_NAME = AppIcon;
				DEVELOPMENT_TEAM = ETMQ5VFD4P;
				INFOPLIST_FILE = iQuiz/Info.plist;
				LD_RUNPATH_SEARCH_PATHS = "$(inherited) @executable_path/Frameworks";
				PRODUCT_BUNDLE_IDENTIFIER = com.MatthewBond.iQuiz;
				PRODUCT_NAME = "$(TARGET_NAME)";
				SWIFT_VERSION = 3.0;
			};
			name = Release;
		};
		C90350391DCD6762008CDFF1 /* Debug */ = {
			isa = XCBuildConfiguration;
			buildSettings = {
				ALWAYS_EMBED_SWIFT_STANDARD_LIBRARIES = YES;
				BUNDLE_LOADER = "$(TEST_HOST)";
				DEVELOPMENT_TEAM = ETMQ5VFD4P;
				INFOPLIST_FILE = iQuizTests/Info.plist;
				LD_RUNPATH_SEARCH_PATHS = "$(inherited) @executable_path/Frameworks @loader_path/Frameworks";
				PRODUCT_BUNDLE_IDENTIFIER = com.MatthewBond.iQuizTests;
				PRODUCT_NAME = "$(TARGET_NAME)";
				SWIFT_VERSION = 3.0;
				TEST_HOST = "$(BUILT_PRODUCTS_DIR)/iQuiz.app/iQuiz";
			};
			name = Debug;
		};
		C903503A1DCD6762008CDFF1 /* Release */ = {
			isa = XCBuildConfiguration;
			buildSettings = {
				ALWAYS_EMBED_SWIFT_STANDARD_LIBRARIES = YES;
				BUNDLE_LOADER = "$(TEST_HOST)";
				DEVELOPMENT_TEAM = ETMQ5VFD4P;
				INFOPLIST_FILE = iQuizTests/Info.plist;
				LD_RUNPATH_SEARCH_PATHS = "$(inherited) @executable_path/Frameworks @loader_path/Frameworks";
				PRODUCT_BUNDLE_IDENTIFIER = com.MatthewBond.iQuizTests;
				PRODUCT_NAME = "$(TARGET_NAME)";
				SWIFT_VERSION = 3.0;
				TEST_HOST = "$(BUILT_PRODUCTS_DIR)/iQuiz.app/iQuiz";
			};
			name = Release;
		};
		C903503C1DCD6762008CDFF1 /* Debug */ = {
			isa = XCBuildConfiguration;
			buildSettings = {
				ALWAYS_EMBED_SWIFT_STANDARD_LIBRARIES = YES;
				DEVELOPMENT_TEAM = ETMQ5VFD4P;
				INFOPLIST_FILE = iQuizUITests/Info.plist;
				LD_RUNPATH_SEARCH_PATHS = "$(inherited) @executable_path/Frameworks @loader_path/Frameworks";
				PRODUCT_BUNDLE_IDENTIFIER = com.MatthewBond.iQuizUITests;
				PRODUCT_NAME = "$(TARGET_NAME)";
				SWIFT_VERSION = 3.0;
				TEST_TARGET_NAME = iQuiz;
			};
			name = Debug;
		};
		C903503D1DCD6762008CDFF1 /* Release */ = {
			isa = XCBuildConfiguration;
			buildSettings = {
				ALWAYS_EMBED_SWIFT_STANDARD_LIBRARIES = YES;
				DEVELOPMENT_TEAM = ETMQ5VFD4P;
				INFOPLIST_FILE = iQuizUITests/Info.plist;
				LD_RUNPATH_SEARCH_PATHS = "$(inherited) @executable_path/Frameworks @loader_path/Frameworks";
				PRODUCT_BUNDLE_IDENTIFIER = com.MatthewBond.iQuizUITests;
				PRODUCT_NAME = "$(TARGET_NAME)";
				SWIFT_VERSION = 3.0;
				TEST_TARGET_NAME = iQuiz;
			};
			name = Release;
		};
/* End XCBuildConfiguration section */

/* Begin XCConfigurationList section */
		C90350081DCD6762008CDFF1 /* Build configuration list for PBXProject "iQuiz" */ = {
			isa = XCConfigurationList;
			buildConfigurations = (
				C90350331DCD6762008CDFF1 /* Debug */,
				C90350341DCD6762008CDFF1 /* Release */,
			);
			defaultConfigurationIsVisible = 0;
			defaultConfigurationName = Release;
		};
		C90350351DCD6762008CDFF1 /* Build configuration list for PBXNativeTarget "iQuiz" */ = {
			isa = XCConfigurationList;
			buildConfigurations = (
				C90350361DCD6762008CDFF1 /* Debug */,
				C90350371DCD6762008CDFF1 /* Release */,
			);
			defaultConfigurationIsVisible = 0;
			defaultConfigurationName = Release;
		};
		C90350381DCD6762008CDFF1 /* Build configuration list for PBXNativeTarget "iQuizTests" */ = {
			isa = XCConfigurationList;
			buildConfigurations = (
				C90350391DCD6762008CDFF1 /* Debug */,
				C903503A1DCD6762008CDFF1 /* Release */,
			);
			defaultConfigurationIsVisible = 0;
			defaultConfigurationName = Release;
		};
		C903503B1DCD6762008CDFF1 /* Build configuration list for PBXNativeTarget "iQuizUITests" */ = {
			isa = XCConfigurationList;
			buildConfigurations = (
				C903503C1DCD6762008CDFF1 /* Debug */,
				C903503D1DCD6762008CDFF1 /* Release */,
			);
			defaultConfigurationIsVisible = 0;
			defaultConfigurationName = Release;
		};
/* End XCConfigurationList section */
	};
	rootObject = C90350051DCD6762008CDFF1 /* Project object */;
}
